// !$*UTF8*$!
{
	archiveVersion = 1;
	classes = {
	};
	objectVersion = 50;
	objects = {

/* Begin PBXBuildFile section */
		073C887024B17094009C53D1 /* Constants.swift in Sources */ = {isa = PBXBuildFile; fileRef = 073C886F24B17094009C53D1 /* Constants.swift */; };
		073C887224B1782F009C53D1 /* FollowerCell.swift in Sources */ = {isa = PBXBuildFile; fileRef = 073C887124B1782F009C53D1 /* FollowerCell.swift */; };
		073C887424B178C0009C53D1 /* AvatarImageView.swift in Sources */ = {isa = PBXBuildFile; fileRef = 073C887324B178C0009C53D1 /* AvatarImageView.swift */; };
		073C887624B2EA32009C53D1 /* UIHelper.swift in Sources */ = {isa = PBXBuildFile; fileRef = 073C887524B2EA32009C53D1 /* UIHelper.swift */; };
		076811F724B6B5D10083B53E /* GFEmptyStateView.swift in Sources */ = {isa = PBXBuildFile; fileRef = 076811F624B6B5D10083B53E /* GFEmptyStateView.swift */; };
		0775484924B812AD004880EE /* UserInfoVC.swift in Sources */ = {isa = PBXBuildFile; fileRef = 0775484824B812AD004880EE /* UserInfoVC.swift */; };
		077F27D024BBA1800083E6E7 /* GFUserInfoHeaderVC.swift in Sources */ = {isa = PBXBuildFile; fileRef = 077F27CF24BBA1800083E6E7 /* GFUserInfoHeaderVC.swift */; };
		077F27D224BBA2550083E6E7 /* GFSecondaryTitleLabel.swift in Sources */ = {isa = PBXBuildFile; fileRef = 077F27D124BBA2550083E6E7 /* GFSecondaryTitleLabel.swift */; };
		077F27D424BC1E800083E6E7 /* GFItemInfoView.swift in Sources */ = {isa = PBXBuildFile; fileRef = 077F27D324BC1E800083E6E7 /* GFItemInfoView.swift */; };
		07ABA33024C3C8A500E494FA /* GFFollowerItemVC.swift in Sources */ = {isa = PBXBuildFile; fileRef = 07ABA32F24C3C8A500E494FA /* GFFollowerItemVC.swift */; };
		07ABA33224C3E22400E494FA /* Date+Ext.swift in Sources */ = {isa = PBXBuildFile; fileRef = 07ABA33124C3E22400E494FA /* Date+Ext.swift */; };
		07ABA33424C3E46D00E494FA /* String+Ext.swift in Sources */ = {isa = PBXBuildFile; fileRef = 07ABA33324C3E46D00E494FA /* String+Ext.swift */; };
		07B02AA824AF24410091386B /* GFTitleLabel.swift in Sources */ = {isa = PBXBuildFile; fileRef = 07B02AA724AF24410091386B /* GFTitleLabel.swift */; };
		07B02AAA24AF25DD0091386B /* GFBodyLabel.swift in Sources */ = {isa = PBXBuildFile; fileRef = 07B02AA924AF25DD0091386B /* GFBodyLabel.swift */; };
		07B02AAC24AF26EF0091386B /* GFAlertVC.swift in Sources */ = {isa = PBXBuildFile; fileRef = 07B02AAB24AF26EF0091386B /* GFAlertVC.swift */; };
		07B02AB024B0ED090091386B /* UIViewController+Ext.swift in Sources */ = {isa = PBXBuildFile; fileRef = 07B02AAF24B0ED090091386B /* UIViewController+Ext.swift */; };
		07B02AB324B0F17A0091386B /* Follower.swift in Sources */ = {isa = PBXBuildFile; fileRef = 07B02AB224B0F17A0091386B /* Follower.swift */; };
		07B02AB524B0F23D0091386B /* User.swift in Sources */ = {isa = PBXBuildFile; fileRef = 07B02AB424B0F23D0091386B /* User.swift */; };
		07B02AB824B0FE940091386B /* NetworkManager.swift in Sources */ = {isa = PBXBuildFile; fileRef = 07B02AB724B0FE940091386B /* NetworkManager.swift */; };
		07B21F6424C001E1004FEB6F /* GFItemInfoVC.swift in Sources */ = {isa = PBXBuildFile; fileRef = 07B21F6324C001E1004FEB6F /* GFItemInfoVC.swift */; };
		07B21F6624C0055A004FEB6F /* GFRepoItemVC.swift in Sources */ = {isa = PBXBuildFile; fileRef = 07B21F6524C0055A004FEB6F /* GFRepoItemVC.swift */; };
		07C8FEB52414725F00FC9CC5 /* AppDelegate.swift in Sources */ = {isa = PBXBuildFile; fileRef = 07C8FEB42414725F00FC9CC5 /* AppDelegate.swift */; };
		07C8FEB72414725F00FC9CC5 /* SceneDelegate.swift in Sources */ = {isa = PBXBuildFile; fileRef = 07C8FEB62414725F00FC9CC5 /* SceneDelegate.swift */; };
		07C8FEBE2414726000FC9CC5 /* Assets.xcassets in Resources */ = {isa = PBXBuildFile; fileRef = 07C8FEBD2414726000FC9CC5 /* Assets.xcassets */; };
		07C8FEC12414726000FC9CC5 /* LaunchScreen.storyboard in Resources */ = {isa = PBXBuildFile; fileRef = 07C8FEBF2414726000FC9CC5 /* LaunchScreen.storyboard */; };
		07C8FECC2414726000FC9CC5 /* GitHubFollowersTests.swift in Sources */ = {isa = PBXBuildFile; fileRef = 07C8FECB2414726000FC9CC5 /* GitHubFollowersTests.swift */; };
		07C8FED72414726000FC9CC5 /* GitHubFollowersUITests.swift in Sources */ = {isa = PBXBuildFile; fileRef = 07C8FED62414726000FC9CC5 /* GitHubFollowersUITests.swift */; };
		07C8FEE5241488F300FC9CC5 /* SearchVC.swift in Sources */ = {isa = PBXBuildFile; fileRef = 07C8FEE4241488F300FC9CC5 /* SearchVC.swift */; };
		07C8FEE72414893600FC9CC5 /* FavoritesListVC.swift in Sources */ = {isa = PBXBuildFile; fileRef = 07C8FEE62414893600FC9CC5 /* FavoritesListVC.swift */; };
		07ED2260241494FA00788100 /* GFButton.swift in Sources */ = {isa = PBXBuildFile; fileRef = 07ED225F241494FA00788100 /* GFButton.swift */; };
		07ED226224149DC800788100 /* GFTextField.swift in Sources */ = {isa = PBXBuildFile; fileRef = 07ED226124149DC800788100 /* GFTextField.swift */; };
		07ED22642414B2B500788100 /* FollowerListVC.swift in Sources */ = {isa = PBXBuildFile; fileRef = 07ED22632414B2B500788100 /* FollowerListVC.swift */; };
/* End PBXBuildFile section */

/* Begin PBXContainerItemProxy section */
		07C8FEC82414726000FC9CC5 /* PBXContainerItemProxy */ = {
			isa = PBXContainerItemProxy;
			containerPortal = 07C8FEA92414725F00FC9CC5 /* Project object */;
			proxyType = 1;
			remoteGlobalIDString = 07C8FEB02414725F00FC9CC5;
			remoteInfo = GitHubFollowers;
		};
		07C8FED32414726000FC9CC5 /* PBXContainerItemProxy */ = {
			isa = PBXContainerItemProxy;
			containerPortal = 07C8FEA92414725F00FC9CC5 /* Project object */;
			proxyType = 1;
			remoteGlobalIDString = 07C8FEB02414725F00FC9CC5;
			remoteInfo = GitHubFollowers;
		};
/* End PBXContainerItemProxy section */

/* Begin PBXFileReference section */
		073C886F24B17094009C53D1 /* Constants.swift */ = {isa = PBXFileReference; lastKnownFileType = sourcecode.swift; path = Constants.swift; sourceTree = "<group>"; };
		073C887124B1782F009C53D1 /* FollowerCell.swift */ = {isa = PBXFileReference; lastKnownFileType = sourcecode.swift; path = FollowerCell.swift; sourceTree = "<group>"; };
		073C887324B178C0009C53D1 /* AvatarImageView.swift */ = {isa = PBXFileReference; lastKnownFileType = sourcecode.swift; path = AvatarImageView.swift; sourceTree = "<group>"; };
		073C887524B2EA32009C53D1 /* UIHelper.swift */ = {isa = PBXFileReference; lastKnownFileType = sourcecode.swift; path = UIHelper.swift; sourceTree = "<group>"; };
		076811F624B6B5D10083B53E /* GFEmptyStateView.swift */ = {isa = PBXFileReference; lastKnownFileType = sourcecode.swift; path = GFEmptyStateView.swift; sourceTree = "<group>"; };
		0775484824B812AD004880EE /* UserInfoVC.swift */ = {isa = PBXFileReference; lastKnownFileType = sourcecode.swift; path = UserInfoVC.swift; sourceTree = "<group>"; };
		077F27CF24BBA1800083E6E7 /* GFUserInfoHeaderVC.swift */ = {isa = PBXFileReference; lastKnownFileType = sourcecode.swift; path = GFUserInfoHeaderVC.swift; sourceTree = "<group>"; };
		077F27D124BBA2550083E6E7 /* GFSecondaryTitleLabel.swift */ = {isa = PBXFileReference; lastKnownFileType = sourcecode.swift; path = GFSecondaryTitleLabel.swift; sourceTree = "<group>"; };
		077F27D324BC1E800083E6E7 /* GFItemInfoView.swift */ = {isa = PBXFileReference; lastKnownFileType = sourcecode.swift; path = GFItemInfoView.swift; sourceTree = "<group>"; };
		07ABA32F24C3C8A500E494FA /* GFFollowerItemVC.swift */ = {isa = PBXFileReference; lastKnownFileType = sourcecode.swift; path = GFFollowerItemVC.swift; sourceTree = "<group>"; };
		07ABA33124C3E22400E494FA /* Date+Ext.swift */ = {isa = PBXFileReference; lastKnownFileType = sourcecode.swift; path = "Date+Ext.swift"; sourceTree = "<group>"; };
		07ABA33324C3E46D00E494FA /* String+Ext.swift */ = {isa = PBXFileReference; lastKnownFileType = sourcecode.swift; path = "String+Ext.swift"; sourceTree = "<group>"; };
		07B02AA724AF24410091386B /* GFTitleLabel.swift */ = {isa = PBXFileReference; lastKnownFileType = sourcecode.swift; path = GFTitleLabel.swift; sourceTree = "<group>"; };
		07B02AA924AF25DD0091386B /* GFBodyLabel.swift */ = {isa = PBXFileReference; lastKnownFileType = sourcecode.swift; path = GFBodyLabel.swift; sourceTree = "<group>"; };
		07B02AAB24AF26EF0091386B /* GFAlertVC.swift */ = {isa = PBXFileReference; lastKnownFileType = sourcecode.swift; path = GFAlertVC.swift; sourceTree = "<group>"; };
		07B02AAF24B0ED090091386B /* UIViewController+Ext.swift */ = {isa = PBXFileReference; lastKnownFileType = sourcecode.swift; path = "UIViewController+Ext.swift"; sourceTree = "<group>"; };
		07B02AB224B0F17A0091386B /* Follower.swift */ = {isa = PBXFileReference; lastKnownFileType = sourcecode.swift; path = Follower.swift; sourceTree = "<group>"; };
		07B02AB424B0F23D0091386B /* User.swift */ = {isa = PBXFileReference; lastKnownFileType = sourcecode.swift; path = User.swift; sourceTree = "<group>"; };
		07B02AB724B0FE940091386B /* NetworkManager.swift */ = {isa = PBXFileReference; lastKnownFileType = sourcecode.swift; path = NetworkManager.swift; sourceTree = "<group>"; };
		07B21F6324C001E1004FEB6F /* GFItemInfoVC.swift */ = {isa = PBXFileReference; lastKnownFileType = sourcecode.swift; path = GFItemInfoVC.swift; sourceTree = "<group>"; };
		07B21F6524C0055A004FEB6F /* GFRepoItemVC.swift */ = {isa = PBXFileReference; lastKnownFileType = sourcecode.swift; path = GFRepoItemVC.swift; sourceTree = "<group>"; };
		07C8FEB12414725F00FC9CC5 /* GitHubFollowers.app */ = {isa = PBXFileReference; explicitFileType = wrapper.application; includeInIndex = 0; path = GitHubFollowers.app; sourceTree = BUILT_PRODUCTS_DIR; };
		07C8FEB42414725F00FC9CC5 /* AppDelegate.swift */ = {isa = PBXFileReference; lastKnownFileType = sourcecode.swift; path = AppDelegate.swift; sourceTree = "<group>"; };
		07C8FEB62414725F00FC9CC5 /* SceneDelegate.swift */ = {isa = PBXFileReference; lastKnownFileType = sourcecode.swift; path = SceneDelegate.swift; sourceTree = "<group>"; };
		07C8FEBD2414726000FC9CC5 /* Assets.xcassets */ = {isa = PBXFileReference; lastKnownFileType = folder.assetcatalog; path = Assets.xcassets; sourceTree = "<group>"; };
		07C8FEC02414726000FC9CC5 /* Base */ = {isa = PBXFileReference; lastKnownFileType = file.storyboard; name = Base; path = Base.lproj/LaunchScreen.storyboard; sourceTree = "<group>"; };
		07C8FEC22414726000FC9CC5 /* Info.plist */ = {isa = PBXFileReference; lastKnownFileType = text.plist.xml; path = Info.plist; sourceTree = "<group>"; };
		07C8FEC72414726000FC9CC5 /* GitHubFollowersTests.xctest */ = {isa = PBXFileReference; explicitFileType = wrapper.cfbundle; includeInIndex = 0; path = GitHubFollowersTests.xctest; sourceTree = BUILT_PRODUCTS_DIR; };
		07C8FECB2414726000FC9CC5 /* GitHubFollowersTests.swift */ = {isa = PBXFileReference; lastKnownFileType = sourcecode.swift; path = GitHubFollowersTests.swift; sourceTree = "<group>"; };
		07C8FECD2414726000FC9CC5 /* Info.plist */ = {isa = PBXFileReference; lastKnownFileType = text.plist.xml; path = Info.plist; sourceTree = "<group>"; };
		07C8FED22414726000FC9CC5 /* GitHubFollowersUITests.xctest */ = {isa = PBXFileReference; explicitFileType = wrapper.cfbundle; includeInIndex = 0; path = GitHubFollowersUITests.xctest; sourceTree = BUILT_PRODUCTS_DIR; };
		07C8FED62414726000FC9CC5 /* GitHubFollowersUITests.swift */ = {isa = PBXFileReference; lastKnownFileType = sourcecode.swift; path = GitHubFollowersUITests.swift; sourceTree = "<group>"; };
		07C8FED82414726000FC9CC5 /* Info.plist */ = {isa = PBXFileReference; lastKnownFileType = text.plist.xml; path = Info.plist; sourceTree = "<group>"; };
		07C8FEE4241488F300FC9CC5 /* SearchVC.swift */ = {isa = PBXFileReference; lastKnownFileType = sourcecode.swift; path = SearchVC.swift; sourceTree = "<group>"; };
		07C8FEE62414893600FC9CC5 /* FavoritesListVC.swift */ = {isa = PBXFileReference; lastKnownFileType = sourcecode.swift; path = FavoritesListVC.swift; sourceTree = "<group>"; };
		07ED225F241494FA00788100 /* GFButton.swift */ = {isa = PBXFileReference; lastKnownFileType = sourcecode.swift; path = GFButton.swift; sourceTree = "<group>"; };
		07ED226124149DC800788100 /* GFTextField.swift */ = {isa = PBXFileReference; lastKnownFileType = sourcecode.swift; path = GFTextField.swift; sourceTree = "<group>"; };
		07ED22632414B2B500788100 /* FollowerListVC.swift */ = {isa = PBXFileReference; lastKnownFileType = sourcecode.swift; path = FollowerListVC.swift; sourceTree = "<group>"; };
/* End PBXFileReference section */

/* Begin PBXFrameworksBuildPhase section */
		07C8FEAE2414725F00FC9CC5 /* Frameworks */ = {
			isa = PBXFrameworksBuildPhase;
			buildActionMask = 2147483647;
			files = (
			);
			runOnlyForDeploymentPostprocessing = 0;
		};
		07C8FEC42414726000FC9CC5 /* Frameworks */ = {
			isa = PBXFrameworksBuildPhase;
			buildActionMask = 2147483647;
			files = (
			);
			runOnlyForDeploymentPostprocessing = 0;
		};
		07C8FECF2414726000FC9CC5 /* Frameworks */ = {
			isa = PBXFrameworksBuildPhase;
			buildActionMask = 2147483647;
			files = (
			);
			runOnlyForDeploymentPostprocessing = 0;
		};
/* End PBXFrameworksBuildPhase section */

/* Begin PBXGroup section */
		073C886E24B17016009C53D1 /* Utilities */ = {
			isa = PBXGroup;
			children = (
				073C886F24B17094009C53D1 /* Constants.swift */,
				073C887524B2EA32009C53D1 /* UIHelper.swift */,
			);
			path = Utilities;
			sourceTree = "<group>";
		};
		07B02AAD24B0ECCC0091386B /* Extensions */ = {
			isa = PBXGroup;
			children = (
				07B02AAF24B0ED090091386B /* UIViewController+Ext.swift */,
				07ABA33124C3E22400E494FA /* Date+Ext.swift */,
				07ABA33324C3E46D00E494FA /* String+Ext.swift */,
			);
			path = Extensions;
			sourceTree = "<group>";
		};
		07B02AB124B0F1690091386B /* Model */ = {
			isa = PBXGroup;
			children = (
				07B02AB224B0F17A0091386B /* Follower.swift */,
				07B02AB424B0F23D0091386B /* User.swift */,
			);
			path = Model;
			sourceTree = "<group>";
		};
		07B02AB624B0FE7B0091386B /* Manager */ = {
			isa = PBXGroup;
			children = (
				07B02AB724B0FE940091386B /* NetworkManager.swift */,
			);
			path = Manager;
			sourceTree = "<group>";
		};
		07C8FEA82414725F00FC9CC5 = {
			isa = PBXGroup;
			children = (
				07C8FEB32414725F00FC9CC5 /* GitHubFollowers */,
				07C8FECA2414726000FC9CC5 /* GitHubFollowersTests */,
				07C8FED52414726000FC9CC5 /* GitHubFollowersUITests */,
				07C8FEB22414725F00FC9CC5 /* Products */,
			);
			sourceTree = "<group>";
		};
		07C8FEB22414725F00FC9CC5 /* Products */ = {
			isa = PBXGroup;
			children = (
				07C8FEB12414725F00FC9CC5 /* GitHubFollowers.app */,
				07C8FEC72414726000FC9CC5 /* GitHubFollowersTests.xctest */,
				07C8FED22414726000FC9CC5 /* GitHubFollowersUITests.xctest */,
			);
			name = Products;
			sourceTree = "<group>";
		};
		07C8FEB32414725F00FC9CC5 /* GitHubFollowers */ = {
			isa = PBXGroup;
			children = (
				073C886E24B17016009C53D1 /* Utilities */,
				07B02AB624B0FE7B0091386B /* Manager */,
				07B02AB124B0F1690091386B /* Model */,
				07B02AAD24B0ECCC0091386B /* Extensions */,
				07ED225E241494AA00788100 /* Views */,
				07C8FEB42414725F00FC9CC5 /* AppDelegate.swift */,
				07C8FEB62414725F00FC9CC5 /* SceneDelegate.swift */,
				07C8FEBD2414726000FC9CC5 /* Assets.xcassets */,
				07C8FEBF2414726000FC9CC5 /* LaunchScreen.storyboard */,
				07C8FEC22414726000FC9CC5 /* Info.plist */,
				07C8FEE82414895300FC9CC5 /* View Controllers */,
			);
			path = GitHubFollowers;
			sourceTree = "<group>";
		};
		07C8FECA2414726000FC9CC5 /* GitHubFollowersTests */ = {
			isa = PBXGroup;
			children = (
				07C8FECB2414726000FC9CC5 /* GitHubFollowersTests.swift */,
				07C8FECD2414726000FC9CC5 /* Info.plist */,
			);
			path = GitHubFollowersTests;
			sourceTree = "<group>";
		};
		07C8FED52414726000FC9CC5 /* GitHubFollowersUITests */ = {
			isa = PBXGroup;
			children = (
				07C8FED62414726000FC9CC5 /* GitHubFollowersUITests.swift */,
				07C8FED82414726000FC9CC5 /* Info.plist */,
			);
			path = GitHubFollowersUITests;
			sourceTree = "<group>";
		};
		07C8FEE82414895300FC9CC5 /* View Controllers */ = {
			isa = PBXGroup;
			children = (
				07C8FEE62414893600FC9CC5 /* FavoritesListVC.swift */,
				07C8FEE4241488F300FC9CC5 /* SearchVC.swift */,
				07ED22632414B2B500788100 /* FollowerListVC.swift */,
				07B02AAB24AF26EF0091386B /* GFAlertVC.swift */,
				0775484824B812AD004880EE /* UserInfoVC.swift */,
				077F27CF24BBA1800083E6E7 /* GFUserInfoHeaderVC.swift */,
				07B21F6324C001E1004FEB6F /* GFItemInfoVC.swift */,
				07B21F6524C0055A004FEB6F /* GFRepoItemVC.swift */,
				07ABA32F24C3C8A500E494FA /* GFFollowerItemVC.swift */,
			);
			path = "View Controllers";
			sourceTree = "<group>";
		};
		07ED225E241494AA00788100 /* Views */ = {
			isa = PBXGroup;
			children = (
				07B02AA724AF24410091386B /* GFTitleLabel.swift */,
				07ED225F241494FA00788100 /* GFButton.swift */,
				07ED226124149DC800788100 /* GFTextField.swift */,
				07B02AA924AF25DD0091386B /* GFBodyLabel.swift */,
				073C887124B1782F009C53D1 /* FollowerCell.swift */,
				073C887324B178C0009C53D1 /* AvatarImageView.swift */,
				076811F624B6B5D10083B53E /* GFEmptyStateView.swift */,
				077F27D124BBA2550083E6E7 /* GFSecondaryTitleLabel.swift */,
				077F27D324BC1E800083E6E7 /* GFItemInfoView.swift */,
			);
			path = Views;
			sourceTree = "<group>";
		};
/* End PBXGroup section */

/* Begin PBXNativeTarget section */
		07C8FEB02414725F00FC9CC5 /* GitHubFollowers */ = {
			isa = PBXNativeTarget;
			buildConfigurationList = 07C8FEDB2414726000FC9CC5 /* Build configuration list for PBXNativeTarget "GitHubFollowers" */;
			buildPhases = (
				07C8FEAD2414725F00FC9CC5 /* Sources */,
				07C8FEAE2414725F00FC9CC5 /* Frameworks */,
				07C8FEAF2414725F00FC9CC5 /* Resources */,
			);
			buildRules = (
			);
			dependencies = (
			);
			name = GitHubFollowers;
			productName = GitHubFollowers;
			productReference = 07C8FEB12414725F00FC9CC5 /* GitHubFollowers.app */;
			productType = "com.apple.product-type.application";
		};
		07C8FEC62414726000FC9CC5 /* GitHubFollowersTests */ = {
			isa = PBXNativeTarget;
			buildConfigurationList = 07C8FEDE2414726000FC9CC5 /* Build configuration list for PBXNativeTarget "GitHubFollowersTests" */;
			buildPhases = (
				07C8FEC32414726000FC9CC5 /* Sources */,
				07C8FEC42414726000FC9CC5 /* Frameworks */,
				07C8FEC52414726000FC9CC5 /* Resources */,
			);
			buildRules = (
			);
			dependencies = (
				07C8FEC92414726000FC9CC5 /* PBXTargetDependency */,
			);
			name = GitHubFollowersTests;
			productName = GitHubFollowersTests;
			productReference = 07C8FEC72414726000FC9CC5 /* GitHubFollowersTests.xctest */;
			productType = "com.apple.product-type.bundle.unit-test";
		};
		07C8FED12414726000FC9CC5 /* GitHubFollowersUITests */ = {
			isa = PBXNativeTarget;
			buildConfigurationList = 07C8FEE12414726000FC9CC5 /* Build configuration list for PBXNativeTarget "GitHubFollowersUITests" */;
			buildPhases = (
				07C8FECE2414726000FC9CC5 /* Sources */,
				07C8FECF2414726000FC9CC5 /* Frameworks */,
				07C8FED02414726000FC9CC5 /* Resources */,
			);
			buildRules = (
			);
			dependencies = (
				07C8FED42414726000FC9CC5 /* PBXTargetDependency */,
			);
			name = GitHubFollowersUITests;
			productName = GitHubFollowersUITests;
			productReference = 07C8FED22414726000FC9CC5 /* GitHubFollowersUITests.xctest */;
			productType = "com.apple.product-type.bundle.ui-testing";
		};
/* End PBXNativeTarget section */

/* Begin PBXProject section */
		07C8FEA92414725F00FC9CC5 /* Project object */ = {
			isa = PBXProject;
			attributes = {
				LastSwiftUpdateCheck = 1120;
				LastUpgradeCheck = 1120;
				ORGANIZATIONNAME = "Steven Santiago";
				TargetAttributes = {
					07C8FEB02414725F00FC9CC5 = {
						CreatedOnToolsVersion = 11.2;
					};
					07C8FEC62414726000FC9CC5 = {
						CreatedOnToolsVersion = 11.2;
						TestTargetID = 07C8FEB02414725F00FC9CC5;
					};
					07C8FED12414726000FC9CC5 = {
						CreatedOnToolsVersion = 11.2;
						TestTargetID = 07C8FEB02414725F00FC9CC5;
					};
				};
			};
			buildConfigurationList = 07C8FEAC2414725F00FC9CC5 /* Build configuration list for PBXProject "GitHubFollowers" */;
			compatibilityVersion = "Xcode 9.3";
			developmentRegion = en;
			hasScannedForEncodings = 0;
			knownRegions = (
				en,
				Base,
			);
			mainGroup = 07C8FEA82414725F00FC9CC5;
			productRefGroup = 07C8FEB22414725F00FC9CC5 /* Products */;
			projectDirPath = "";
			projectRoot = "";
			targets = (
				07C8FEB02414725F00FC9CC5 /* GitHubFollowers */,
				07C8FEC62414726000FC9CC5 /* GitHubFollowersTests */,
				07C8FED12414726000FC9CC5 /* GitHubFollowersUITests */,
			);
		};
/* End PBXProject section */

/* Begin PBXResourcesBuildPhase section */
		07C8FEAF2414725F00FC9CC5 /* Resources */ = {
			isa = PBXResourcesBuildPhase;
			buildActionMask = 2147483647;
			files = (
				07C8FEC12414726000FC9CC5 /* LaunchScreen.storyboard in Resources */,
				07C8FEBE2414726000FC9CC5 /* Assets.xcassets in Resources */,
			);
			runOnlyForDeploymentPostprocessing = 0;
		};
		07C8FEC52414726000FC9CC5 /* Resources */ = {
			isa = PBXResourcesBuildPhase;
			buildActionMask = 2147483647;
			files = (
			);
			runOnlyForDeploymentPostprocessing = 0;
		};
		07C8FED02414726000FC9CC5 /* Resources */ = {
			isa = PBXResourcesBuildPhase;
			buildActionMask = 2147483647;
			files = (
			);
			runOnlyForDeploymentPostprocessing = 0;
		};
/* End PBXResourcesBuildPhase section */

/* Begin PBXSourcesBuildPhase section */
		07C8FEAD2414725F00FC9CC5 /* Sources */ = {
			isa = PBXSourcesBuildPhase;
			buildActionMask = 2147483647;
			files = (
				07ABA33224C3E22400E494FA /* Date+Ext.swift in Sources */,
				07ABA33024C3C8A500E494FA /* GFFollowerItemVC.swift in Sources */,
				07B02AB524B0F23D0091386B /* User.swift in Sources */,
				07ED226224149DC800788100 /* GFTextField.swift in Sources */,
				077F27D424BC1E800083E6E7 /* GFItemInfoView.swift in Sources */,
				07C8FEE72414893600FC9CC5 /* FavoritesListVC.swift in Sources */,
				07ED2260241494FA00788100 /* GFButton.swift in Sources */,
				07B02AB024B0ED090091386B /* UIViewController+Ext.swift in Sources */,
				07B21F6424C001E1004FEB6F /* GFItemInfoVC.swift in Sources */,
				07B21F6624C0055A004FEB6F /* GFRepoItemVC.swift in Sources */,
				073C887624B2EA32009C53D1 /* UIHelper.swift in Sources */,
				073C887024B17094009C53D1 /* Constants.swift in Sources */,
				07C8FEE5241488F300FC9CC5 /* SearchVC.swift in Sources */,
				073C887224B1782F009C53D1 /* FollowerCell.swift in Sources */,
				07B02AAC24AF26EF0091386B /* GFAlertVC.swift in Sources */,
				07B02AAA24AF25DD0091386B /* GFBodyLabel.swift in Sources */,
				077F27D024BBA1800083E6E7 /* GFUserInfoHeaderVC.swift in Sources */,
				07B02AB324B0F17A0091386B /* Follower.swift in Sources */,
				07B02AA824AF24410091386B /* GFTitleLabel.swift in Sources */,
				073C887424B178C0009C53D1 /* AvatarImageView.swift in Sources */,
				077F27D224BBA2550083E6E7 /* GFSecondaryTitleLabel.swift in Sources */,
				076811F724B6B5D10083B53E /* GFEmptyStateView.swift in Sources */,
				07ABA33424C3E46D00E494FA /* String+Ext.swift in Sources */,
				07B02AB824B0FE940091386B /* NetworkManager.swift in Sources */,
				07ED22642414B2B500788100 /* FollowerListVC.swift in Sources */,
				07C8FEB52414725F00FC9CC5 /* AppDelegate.swift in Sources */,
				07C8FEB72414725F00FC9CC5 /* SceneDelegate.swift in Sources */,
				0775484924B812AD004880EE /* UserInfoVC.swift in Sources */,
			);
			runOnlyForDeploymentPostprocessing = 0;
		};
		07C8FEC32414726000FC9CC5 /* Sources */ = {
			isa = PBXSourcesBuildPhase;
			buildActionMask = 2147483647;
			files = (
				07C8FECC2414726000FC9CC5 /* GitHubFollowersTests.swift in Sources */,
			);
			runOnlyForDeploymentPostprocessing = 0;
		};
		07C8FECE2414726000FC9CC5 /* Sources */ = {
			isa = PBXSourcesBuildPhase;
			buildActionMask = 2147483647;
			files = (
				07C8FED72414726000FC9CC5 /* GitHubFollowersUITests.swift in Sources */,
			);
			runOnlyForDeploymentPostprocessing = 0;
		};
/* End PBXSourcesBuildPhase section */

/* Begin PBXTargetDependency section */
		07C8FEC92414726000FC9CC5 /* PBXTargetDependency */ = {
			isa = PBXTargetDependency;
			target = 07C8FEB02414725F00FC9CC5 /* GitHubFollowers */;
			targetProxy = 07C8FEC82414726000FC9CC5 /* PBXContainerItemProxy */;
		};
		07C8FED42414726000FC9CC5 /* PBXTargetDependency */ = {
			isa = PBXTargetDependency;
			target = 07C8FEB02414725F00FC9CC5 /* GitHubFollowers */;
			targetProxy = 07C8FED32414726000FC9CC5 /* PBXContainerItemProxy */;
		};
/* End PBXTargetDependency section */

/* Begin PBXVariantGroup section */
		07C8FEBF2414726000FC9CC5 /* LaunchScreen.storyboard */ = {
			isa = PBXVariantGroup;
			children = (
				07C8FEC02414726000FC9CC5 /* Base */,
			);
			name = LaunchScreen.storyboard;
			sourceTree = "<group>";
		};
/* End PBXVariantGroup section */

/* Begin XCBuildConfiguration section */
		07C8FED92414726000FC9CC5 /* Debug */ = {
			isa = XCBuildConfiguration;
			buildSettings = {
				ALWAYS_SEARCH_USER_PATHS = NO;
				CLANG_ANALYZER_NONNULL = YES;
				CLANG_ANALYZER_NUMBER_OBJECT_CONVERSION = YES_AGGRESSIVE;
				CLANG_CXX_LANGUAGE_STANDARD = "gnu++14";
				CLANG_CXX_LIBRARY = "libc++";
				CLANG_ENABLE_MODULES = YES;
				CLANG_ENABLE_OBJC_ARC = YES;
				CLANG_ENABLE_OBJC_WEAK = YES;
				CLANG_WARN_BLOCK_CAPTURE_AUTORELEASING = YES;
				CLANG_WARN_BOOL_CONVERSION = YES;
				CLANG_WARN_COMMA = YES;
				CLANG_WARN_CONSTANT_CONVERSION = YES;
				CLANG_WARN_DEPRECATED_OBJC_IMPLEMENTATIONS = YES;
				CLANG_WARN_DIRECT_OBJC_ISA_USAGE = YES_ERROR;
				CLANG_WARN_DOCUMENTATION_COMMENTS = YES;
				CLANG_WARN_EMPTY_BODY = YES;
				CLANG_WARN_ENUM_CONVERSION = YES;
				CLANG_WARN_INFINITE_RECURSION = YES;
				CLANG_WARN_INT_CONVERSION = YES;
				CLANG_WARN_NON_LITERAL_NULL_CONVERSION = YES;
				CLANG_WARN_OBJC_IMPLICIT_RETAIN_SELF = YES;
				CLANG_WARN_OBJC_LITERAL_CONVERSION = YES;
				CLANG_WARN_OBJC_ROOT_CLASS = YES_ERROR;
				CLANG_WARN_RANGE_LOOP_ANALYSIS = YES;
				CLANG_WARN_STRICT_PROTOTYPES = YES;
				CLANG_WARN_SUSPICIOUS_MOVE = YES;
				CLANG_WARN_UNGUARDED_AVAILABILITY = YES_AGGRESSIVE;
				CLANG_WARN_UNREACHABLE_CODE = YES;
				CLANG_WARN__DUPLICATE_METHOD_MATCH = YES;
				COPY_PHASE_STRIP = NO;
				DEBUG_INFORMATION_FORMAT = dwarf;
				ENABLE_STRICT_OBJC_MSGSEND = YES;
				ENABLE_TESTABILITY = YES;
				GCC_C_LANGUAGE_STANDARD = gnu11;
				GCC_DYNAMIC_NO_PIC = NO;
				GCC_NO_COMMON_BLOCKS = YES;
				GCC_OPTIMIZATION_LEVEL = 0;
				GCC_PREPROCESSOR_DEFINITIONS = (
					"DEBUG=1",
					"$(inherited)",
				);
				GCC_WARN_64_TO_32_BIT_CONVERSION = YES;
				GCC_WARN_ABOUT_RETURN_TYPE = YES_ERROR;
				GCC_WARN_UNDECLARED_SELECTOR = YES;
				GCC_WARN_UNINITIALIZED_AUTOS = YES_AGGRESSIVE;
				GCC_WARN_UNUSED_FUNCTION = YES;
				GCC_WARN_UNUSED_VARIABLE = YES;
				IPHONEOS_DEPLOYMENT_TARGET = 13.2;
				MTL_ENABLE_DEBUG_INFO = INCLUDE_SOURCE;
				MTL_FAST_MATH = YES;
				ONLY_ACTIVE_ARCH = YES;
				SDKROOT = iphoneos;
				SWIFT_ACTIVE_COMPILATION_CONDITIONS = DEBUG;
				SWIFT_OPTIMIZATION_LEVEL = "-Onone";
			};
			name = Debug;
		};
		07C8FEDA2414726000FC9CC5 /* Release */ = {
			isa = XCBuildConfiguration;
			buildSettings = {
				ALWAYS_SEARCH_USER_PATHS = NO;
				CLANG_ANALYZER_NONNULL = YES;
				CLANG_ANALYZER_NUMBER_OBJECT_CONVERSION = YES_AGGRESSIVE;
				CLANG_CXX_LANGUAGE_STANDARD = "gnu++14";
				CLANG_CXX_LIBRARY = "libc++";
				CLANG_ENABLE_MODULES = YES;
				CLANG_ENABLE_OBJC_ARC = YES;
				CLANG_ENABLE_OBJC_WEAK = YES;
				CLANG_WARN_BLOCK_CAPTURE_AUTORELEASING = YES;
				CLANG_WARN_BOOL_CONVERSION = YES;
				CLANG_WARN_COMMA = YES;
				CLANG_WARN_CONSTANT_CONVERSION = YES;
				CLANG_WARN_DEPRECATED_OBJC_IMPLEMENTATIONS = YES;
				CLANG_WARN_DIRECT_OBJC_ISA_USAGE = YES_ERROR;
				CLANG_WARN_DOCUMENTATION_COMMENTS = YES;
				CLANG_WARN_EMPTY_BODY = YES;
				CLANG_WARN_ENUM_CONVERSION = YES;
				CLANG_WARN_INFINITE_RECURSION = YES;
				CLANG_WARN_INT_CONVERSION = YES;
				CLANG_WARN_NON_LITERAL_NULL_CONVERSION = YES;
				CLANG_WARN_OBJC_IMPLICIT_RETAIN_SELF = YES;
				CLANG_WARN_OBJC_LITERAL_CONVERSION = YES;
				CLANG_WARN_OBJC_ROOT_CLASS = YES_ERROR;
				CLANG_WARN_RANGE_LOOP_ANALYSIS = YES;
				CLANG_WARN_STRICT_PROTOTYPES = YES;
				CLANG_WARN_SUSPICIOUS_MOVE = YES;
				CLANG_WARN_UNGUARDED_AVAILABILITY = YES_AGGRESSIVE;
				CLANG_WARN_UNREACHABLE_CODE = YES;
				CLANG_WARN__DUPLICATE_METHOD_MATCH = YES;
				COPY_PHASE_STRIP = NO;
				DEBUG_INFORMATION_FORMAT = "dwarf-with-dsym";
				ENABLE_NS_ASSERTIONS = NO;
				ENABLE_STRICT_OBJC_MSGSEND = YES;
				GCC_C_LANGUAGE_STANDARD = gnu11;
				GCC_NO_COMMON_BLOCKS = YES;
				GCC_WARN_64_TO_32_BIT_CONVERSION = YES;
				GCC_WARN_ABOUT_RETURN_TYPE = YES_ERROR;
				GCC_WARN_UNDECLARED_SELECTOR = YES;
				GCC_WARN_UNINITIALIZED_AUTOS = YES_AGGRESSIVE;
				GCC_WARN_UNUSED_FUNCTION = YES;
				GCC_WARN_UNUSED_VARIABLE = YES;
				IPHONEOS_DEPLOYMENT_TARGET = 13.2;
				MTL_ENABLE_DEBUG_INFO = NO;
				MTL_FAST_MATH = YES;
				SDKROOT = iphoneos;
				SWIFT_COMPILATION_MODE = wholemodule;
				SWIFT_OPTIMIZATION_LEVEL = "-O";
				VALIDATE_PRODUCT = YES;
			};
			name = Release;
		};
		07C8FEDC2414726000FC9CC5 /* Debug */ = {
			isa = XCBuildConfiguration;
			buildSettings = {
				ASSETCATALOG_COMPILER_APPICON_NAME = AppIcon;
				CODE_SIGN_STYLE = Automatic;
				DEVELOPMENT_TEAM = 7J978HLDTM;
				INFOPLIST_FILE = GitHubFollowers/Info.plist;
				LD_RUNPATH_SEARCH_PATHS = (
					"$(inherited)",
					"@executable_path/Frameworks",
				);
				PRODUCT_BUNDLE_IDENTIFIER = steven.santiago.GitHubFollowers;
				PRODUCT_NAME = "$(TARGET_NAME)";
				SWIFT_VERSION = 5.0;
				TARGETED_DEVICE_FAMILY = "1,2";
			};
			name = Debug;
		};
		07C8FEDD2414726000FC9CC5 /* Release */ = {
			isa = XCBuildConfiguration;
			buildSettings = {
				ASSETCATALOG_COMPILER_APPICON_NAME = AppIcon;
				CODE_SIGN_STYLE = Automatic;
				DEVELOPMENT_TEAM = 7J978HLDTM;
				INFOPLIST_FILE = GitHubFollowers/Info.plist;
				LD_RUNPATH_SEARCH_PATHS = (
					"$(inherited)",
					"@executable_path/Frameworks",
				);
				PRODUCT_BUNDLE_IDENTIFIER = steven.santiago.GitHubFollowers;
				PRODUCT_NAME = "$(TARGET_NAME)";
				SWIFT_VERSION = 5.0;
				TARGETED_DEVICE_FAMILY = "1,2";
			};
			name = Release;
		};
		07C8FEDF2414726000FC9CC5 /* Debug */ = {
			isa = XCBuildConfiguration;
			buildSettings = {
				ALWAYS_EMBED_SWIFT_STANDARD_LIBRARIES = YES;
				BUNDLE_LOADER = "$(TEST_HOST)";
				CODE_SIGN_STYLE = Automatic;
				DEVELOPMENT_TEAM = 7J978HLDTM;
				INFOPLIST_FILE = GitHubFollowersTests/Info.plist;
				IPHONEOS_DEPLOYMENT_TARGET = 13.2;
				LD_RUNPATH_SEARCH_PATHS = (
					"$(inherited)",
					"@executable_path/Frameworks",
					"@loader_path/Frameworks",
				);
				PRODUCT_BUNDLE_IDENTIFIER = steven.santiago.GitHubFollowersTests;
				PRODUCT_NAME = "$(TARGET_NAME)";
				SWIFT_VERSION = 5.0;
				TARGETED_DEVICE_FAMILY = "1,2";
				TEST_HOST = "$(BUILT_PRODUCTS_DIR)/GitHubFollowers.app/GitHubFollowers";
			};
			name = Debug;
		};
		07C8FEE02414726000FC9CC5 /* Release */ = {
			isa = XCBuildConfiguration;
			buildSettings = {
				ALWAYS_EMBED_SWIFT_STANDARD_LIBRARIES = YES;
				BUNDLE_LOADER = "$(TEST_HOST)";
				CODE_SIGN_STYLE = Automatic;
				DEVELOPMENT_TEAM = 7J978HLDTM;
				INFOPLIST_FILE = GitHubFollowersTests/Info.plist;
				IPHONEOS_DEPLOYMENT_TARGET = 13.2;
				LD_RUNPATH_SEARCH_PATHS = (
					"$(inherited)",
					"@executable_path/Frameworks",
					"@loader_path/Frameworks",
				);
				PRODUCT_BUNDLE_IDENTIFIER = steven.santiago.GitHubFollowersTests;
				PRODUCT_NAME = "$(TARGET_NAME)";
				SWIFT_VERSION = 5.0;
				TARGETED_DEVICE_FAMILY = "1,2";
				TEST_HOST = "$(BUILT_PRODUCTS_DIR)/GitHubFollowers.app/GitHubFollowers";
			};
			name = Release;
		};
		07C8FEE22414726000FC9CC5 /* Debug */ = {
			isa = XCBuildConfiguration;
			buildSettings = {
				ALWAYS_EMBED_SWIFT_STANDARD_LIBRARIES = YES;
				CODE_SIGN_STYLE = Automatic;
				DEVELOPMENT_TEAM = 7J978HLDTM;
				INFOPLIST_FILE = GitHubFollowersUITests/Info.plist;
				LD_RUNPATH_SEARCH_PATHS = (
					"$(inherited)",
					"@executable_path/Frameworks",
					"@loader_path/Frameworks",
				);
				PRODUCT_BUNDLE_IDENTIFIER = steven.santiago.GitHubFollowersUITests;
				PRODUCT_NAME = "$(TARGET_NAME)";
				SWIFT_VERSION = 5.0;
				TARGETED_DEVICE_FAMILY = "1,2";
				TEST_TARGET_NAME = GitHubFollowers;
			};
			name = Debug;
		};
		07C8FEE32414726000FC9CC5 /* Release */ = {
			isa = XCBuildConfiguration;
			buildSettings = {
				ALWAYS_EMBED_SWIFT_STANDARD_LIBRARIES = YES;
				CODE_SIGN_STYLE = Automatic;
				DEVELOPMENT_TEAM = 7J978HLDTM;
				INFOPLIST_FILE = GitHubFollowersUITests/Info.plist;
				LD_RUNPATH_SEARCH_PATHS = (
					"$(inherited)",
					"@executable_path/Frameworks",
					"@loader_path/Frameworks",
				);
				PRODUCT_BUNDLE_IDENTIFIER = steven.santiago.GitHubFollowersUITests;
				PRODUCT_NAME = "$(TARGET_NAME)";
				SWIFT_VERSION = 5.0;
				TARGETED_DEVICE_FAMILY = "1,2";
				TEST_TARGET_NAME = GitHubFollowers;
			};
			name = Release;
		};
/* End XCBuildConfiguration section */

/* Begin XCConfigurationList section */
		07C8FEAC2414725F00FC9CC5 /* Build configuration list for PBXProject "GitHubFollowers" */ = {
			isa = XCConfigurationList;
			buildConfigurations = (
				07C8FED92414726000FC9CC5 /* Debug */,
				07C8FEDA2414726000FC9CC5 /* Release */,
			);
			defaultConfigurationIsVisible = 0;
			defaultConfigurationName = Release;
		};
		07C8FEDB2414726000FC9CC5 /* Build configuration list for PBXNativeTarget "GitHubFollowers" */ = {
			isa = XCConfigurationList;
			buildConfigurations = (
				07C8FEDC2414726000FC9CC5 /* Debug */,
				07C8FEDD2414726000FC9CC5 /* Release */,
			);
			defaultConfigurationIsVisible = 0;
			defaultConfigurationName = Release;
		};
		07C8FEDE2414726000FC9CC5 /* Build configuration list for PBXNativeTarget "GitHubFollowersTests" */ = {
			isa = XCConfigurationList;
			buildConfigurations = (
				07C8FEDF2414726000FC9CC5 /* Debug */,
				07C8FEE02414726000FC9CC5 /* Release */,
			);
			defaultConfigurationIsVisible = 0;
			defaultConfigurationName = Release;
		};
		07C8FEE12414726000FC9CC5 /* Build configuration list for PBXNativeTarget "GitHubFollowersUITests" */ = {
			isa = XCConfigurationList;
			buildConfigurations = (
				07C8FEE22414726000FC9CC5 /* Debug */,
				07C8FEE32414726000FC9CC5 /* Release */,
			);
			defaultConfigurationIsVisible = 0;
			defaultConfigurationName = Release;
		};
/* End XCConfigurationList section */
	};
	rootObject = 07C8FEA92414725F00FC9CC5 /* Project object */;
}
